
Microsoft Visual Studio Solution File, Format Version 12.00
# Visual Studio Version 16
VisualStudioVersion = 16.0.30104.148
MinimumVisualStudioVersion = 10.0.40219.1
Project("{FAE04EC0-301F-11D3-BF4B-00C04F79EFBC}") = "ButtonUpDownApp.Android", "ButtonUpDownApp.Android\ButtonUpDownApp.Android.csproj", "{EB8A8739-71E6-4DD2-B2A7-C5107962CF50}"
EndProject
Project("{FAE04EC0-301F-11D3-BF4B-00C04F79EFBC}") = "ButtonUpDownApp.iOS", "ButtonUpDownApp.iOS\ButtonUpDownApp.iOS.csproj", "{5DBAC523-B0CA-4ACC-AE5F-08A69B16182A}"
EndProject
Project("{FAE04EC0-301F-11D3-BF4B-00C04F79EFBC}") = "ButtonUpDownApp", "ButtonUpDownApp\ButtonUpDownApp.csproj", "{7B1789AB-1E08-4FC1-A480-CE1F38D33664}"
EndProject
Global
	GlobalSection(SolutionConfigurationPlatforms) = preSolution
		Debug|Any CPU = Debug|Any CPU
		Debug|iPhone = Debug|iPhone
		Debug|iPhoneSimulator = Debug|iPhoneSimulator
		Release|Any CPU = Release|Any CPU
		Release|iPhone = Release|iPhone
		Release|iPhoneSimulator = Release|iPhoneSimulator
	EndGlobalSection
	GlobalSection(ProjectConfigurationPlatforms) = postSolution
		{EB8A8739-71E6-4DD2-B2A7-C5107962CF50}.Debug|Any CPU.ActiveCfg = Debug|Any CPU
		{EB8A8739-71E6-4DD2-B2A7-C5107962CF50}.Debug|Any CPU.Build.0 = Debug|Any CPU
		{EB8A8739-71E6-4DD2-B2A7-C5107962CF50}.Debug|Any CPU.Deploy.0 = Debug|Any CPU
		{EB8A8739-71E6-4DD2-B2A7-C5107962CF50}.Debug|iPhone.ActiveCfg = Debug|Any CPU
		{EB8A8739-71E6-4DD2-B2A7-C5107962CF50}.Debug|iPhone.Build.0 = Debug|Any CPU
		{EB8A8739-71E6-4DD2-B2A7-C5107962CF50}.Debug|iPhone.Deploy.0 = Debug|Any CPU
		{EB8A8739-71E6-4DD2-B2A7-C5107962CF50}.Debug|iPhoneSimulator.ActiveCfg = Debug|Any CPU
		{EB8A8739-71E6-4DD2-B2A7-C5107962CF50}.Debug|iPhoneSimulator.Build.0 = Debug|Any CPU
		{EB8A8739-71E6-4DD2-B2A7-C5107962CF50}.Debug|iPhoneSimulator.Deploy.0 = Debug|Any CPU
		{EB8A8739-71E6-4DD2-B2A7-C5107962CF50}.Release|Any CPU.ActiveCfg = Release|Any CPU
		{EB8A8739-71E6-4DD2-B2A7-C5107962CF50}.Release|Any CPU.Build.0 = Release|Any CPU
		{EB8A8739-71E6-4DD2-B2A7-C5107962CF50}.Release|Any CPU.Deploy.0 = Release|Any CPU
		{EB8A8739-71E6-4DD2-B2A7-C5107962CF50}.Release|iPhone.ActiveCfg = Release|Any CPU
		{EB8A8739-71E6-4DD2-B2A7-C5107962CF50}.Release|iPhone.Build.0 = Release|Any CPU
		{EB8A8739-71E6-4DD2-B2A7-C5107962CF50}.Release|iPhone.Deploy.0 = Release|Any CPU
		{EB8A8739-71E6-4DD2-B2A7-C5107962CF50}.Release|iPhoneSimulator.ActiveCfg = Release|Any CPU
		{EB8A8739-71E6-4DD2-B2A7-C5107962CF50}.Release|iPhoneSimulator.Build.0 = Release|Any CPU
		{EB8A8739-71E6-4DD2-B2A7-C5107962CF50}.Release|iPhoneSimulator.Deploy.0 = Release|Any CPU
		{5DBAC523-B0CA-4ACC-AE5F-08A69B16182A}.Debug|Any CPU.ActiveCfg = Debug|iPhone
		{5DBAC523-B0CA-4ACC-AE5F-08A69B16182A}.Debug|Any CPU.Build.0 = Debug|iPhone
		{5DBAC523-B0CA-4ACC-AE5F-08A69B16182A}.Debug|Any CPU.Deploy.0 = Debug|iPhone
		{5DBAC523-B0CA-4ACC-AE5F-08A69B16182A}.Debug|iPhone.ActiveCfg = Debug|iPhone
		{5DBAC523-B0CA-4ACC-AE5F-08A69B16182A}.Debug|iPhone.Build.0 = Debug|iPhone
		{5DBAC523-B0CA-4ACC-AE5F-08A69B16182A}.Debug|iPhone.Deploy.0 = Debug|iPhone
		{5DBAC523-B0CA-4ACC-AE5F-08A69B16182A}.Debug|iPhoneSimulator.ActiveCfg = Debug|iPhoneSimulator
		{5DBAC523-B0CA-4ACC-AE5F-08A69B16182A}.Debug|iPhoneSimulator.Build.0 = Debug|iPhoneSimulator
		{5DBAC523-B0CA-4ACC-AE5F-08A69B16182A}.Debug|iPhoneSimulator.Deploy.0 = Debug|iPhoneSimulator
		{5DBAC523-B0CA-4ACC-AE5F-08A69B16182A}.Release|Any CPU.ActiveCfg = Release|iPhone
		{5DBAC523-B0CA-4ACC-AE5F-08A69B16182A}.Release|Any CPU.Build.0 = Release|iPhone
		{5DBAC523-B0CA-4ACC-AE5F-08A69B16182A}.Release|Any CPU.Deploy.0 = Release|iPhone
		{5DBAC523-B0CA-4ACC-AE5F-08A69B16182A}.Release|iPhone.ActiveCfg = Release|iPhone
		{5DBAC523-B0CA-4ACC-AE5F-08A69B16182A}.Release|iPhone.Build.0 = Release|iPhone
		{5DBAC523-B0CA-4ACC-AE5F-08A69B16182A}.Release|iPhone.Deploy.0 = Release|iPhone
		{5DBAC523-B0CA-4ACC-AE5F-08A69B16182A}.Release|iPhoneSimulator.ActiveCfg = Release|iPhoneSimulator
		{5DBAC523-B0CA-4ACC-AE5F-08A69B16182A}.Release|iPhoneSimulator.Build.0 = Release|iPhoneSimulator
		{5DBAC523-B0CA-4ACC-AE5F-08A69B16182A}.Release|iPhoneSimulator.Deploy.0 = Release|iPhoneSimulator
		{7B1789AB-1E08-4FC1-A480-CE1F38D33664}.Debug|Any CPU.ActiveCfg = Debug|Any CPU
		{7B1789AB-1E08-4FC1-A480-CE1F38D33664}.Debug|Any CPU.Build.0 = Debug|Any CPU
		{7B1789AB-1E08-4FC1-A480-CE1F38D33664}.Debug|Any CPU.Deploy.0 = Debug|Any CPU
		{7B1789AB-1E08-4FC1-A480-CE1F38D33664}.Debug|iPhone.ActiveCfg = Debug|Any CPU
		{7B1789AB-1E08-4FC1-A480-CE1F38D33664}.Debug|iPhone.Build.0 = Debug|Any CPU
		{7B1789AB-1E08-4FC1-A480-CE1F38D33664}.Debug|iPhone.Deploy.0 = Debug|Any CPU
		{7B1789AB-1E08-4FC1-A480-CE1F38D33664}.Debug|iPhoneSimulator.ActiveCfg = Debug|Any CPU
		{7B1789AB-1E08-4FC1-A480-CE1F38D33664}.Debug|iPhoneSimulator.Build.0 = Debug|Any CPU
		{7B1789AB-1E08-4FC1-A480-CE1F38D33664}.Debug|iPhoneSimulator.Deploy.0 = Debug|Any CPU
		{7B1789AB-1E08-4FC1-A480-CE1F38D33664}.Release|Any CPU.ActiveCfg = Release|Any CPU
		{7B1789AB-1E08-4FC1-A480-CE1F38D33664}.Release|Any CPU.Build.0 = Release|Any CPU
		{7B1789AB-1E08-4FC1-A480-CE1F38D33664}.Release|Any CPU.Deploy.0 = Release|Any CPU
		{7B1789AB-1E08-4FC1-A480-CE1F38D33664}.Release|iPhone.ActiveCfg = Release|Any CPU
		{7B1789AB-1E08-4FC1-A480-CE1F38D33664}.Release|iPhone.Build.0 = Release|Any CPU
		{7B1789AB-1E08-4FC1-A480-CE1F38D33664}.Release|iPhone.Deploy.0 = Release|Any CPU
		{7B1789AB-1E08-4FC1-A480-CE1F38D33664}.Release|iPhoneSimulator.ActiveCfg = Release|Any CPU
		{7B1789AB-1E08-4FC1-A480-CE1F38D33664}.Release|iPhoneSimulator.Build.0 = Release|Any CPU
		{7B1789AB-1E08-4FC1-A480-CE1F38D33664}.Release|iPhoneSimulator.Deploy.0 = Release|Any CPU
	EndGlobalSection
	GlobalSection(SolutionProperties) = preSolution
		HideSolutionNode = FALSE
	EndGlobalSection
	GlobalSection(ExtensibilityGlobals) = postSolution
		SolutionGuid = {BA812E72-D057-45C5-A1F1-1609C89D4753}
	EndGlobalSection
EndGlobal
